
Microsoft Visual Studio Solution File, Format Version 12.00
# Visual Studio 14
VisualStudioVersion = 14.0.23107.0
MinimumVisualStudioVersion = 10.0.40219.1
Project("{888888A0-9F3D-457C-B088-3A5042F75D52}") = "DjangoWebProject", "DjangoWebProject\DjangoWebProject.pyproj", "{1D54F7CD-69F6-4C1C-A240-5D0B6B02BD60}"
EndProject
Global
	GlobalSection(SolutionConfigurationPlatforms) = preSolution
		Debug|Any CPU = Debug|Any CPU
		Release|Any CPU = Release|Any CPU
	EndGlobalSection
	GlobalSection(ProjectConfigurationPlatforms) = postSolution
		{1D54F7CD-69F6-4C1C-A240-5D0B6B02BD60}.Debug|Any CPU.ActiveCfg = Debug|Any CPU
		{1D54F7CD-69F6-4C1C-A240-5D0B6B02BD60}.Debug|Any CPU.Build.0 = Debug|Any CPU
		{1D54F7CD-69F6-4C1C-A240-5D0B6B02BD60}.Release|Any CPU.ActiveCfg = Release|Any CPU
		{1D54F7CD-69F6-4C1C-A240-5D0B6B02BD60}.Release|Any CPU.Build.0 = Release|Any CPU
	EndGlobalSection
	GlobalSection(SolutionProperties) = preSolution
		HideSolutionNode = FALSE
	EndGlobalSection
EndGlobal
